
Microsoft Visual Studio Solution File, Format Version 12.00
# Visual Studio 15
VisualStudioVersion = 15.0.28307.1082
MinimumVisualStudioVersion = 10.0.40219.1
Project("{9A19103F-16F7-4668-BE54-9A1E7A4F7556}") = "AuctionManagementTest", "AuctionManagementTest\AuctionManagementTest.csproj", "{9178C3C7-14BC-4E5E-91EA-CAD47B5ECE46}"
EndProject
Project("{FAE04EC0-301F-11D3-BF4B-00C04F79EFBC}") = "AuctionManagement", "AuctionManagement\AuctionManagement.csproj", "{07A557CE-9A9F-464E-B4CA-F4EB74842BD5}"
EndProject
Global
	GlobalSection(SolutionConfigurationPlatforms) = preSolution
		Debug|Any CPU = Debug|Any CPU
		Release|Any CPU = Release|Any CPU
	EndGlobalSection
	GlobalSection(ProjectConfigurationPlatforms) = postSolution
		{9178C3C7-14BC-4E5E-91EA-CAD47B5ECE46}.Debug|Any CPU.ActiveCfg = Debug|Any CPU
		{9178C3C7-14BC-4E5E-91EA-CAD47B5ECE46}.Debug|Any CPU.Build.0 = Debug|Any CPU
		{9178C3C7-14BC-4E5E-91EA-CAD47B5ECE46}.Release|Any CPU.ActiveCfg = Release|Any CPU
		{9178C3C7-14BC-4E5E-91EA-CAD47B5ECE46}.Release|Any CPU.Build.0 = Release|Any CPU
		{07A557CE-9A9F-464E-B4CA-F4EB74842BD5}.Debug|Any CPU.ActiveCfg = Debug|Any CPU
		{07A557CE-9A9F-464E-B4CA-F4EB74842BD5}.Debug|Any CPU.Build.0 = Debug|Any CPU
		{07A557CE-9A9F-464E-B4CA-F4EB74842BD5}.Release|Any CPU.ActiveCfg = Release|Any CPU
		{07A557CE-9A9F-464E-B4CA-F4EB74842BD5}.Release|Any CPU.Build.0 = Release|Any CPU
	EndGlobalSection
	GlobalSection(SolutionProperties) = preSolution
		HideSolutionNode = FALSE
	EndGlobalSection
	GlobalSection(ExtensibilityGlobals) = postSolution
		SolutionGuid = {557C8DDD-85A8-4F95-80A8-E2DD8CA3994F}
	EndGlobalSection
EndGlobal
